// !$*UTF8*$!
{
	archiveVersion = 1;
	classes = {
	};
	objectVersion = 46;
	objects = {

/* Begin PBXBuildFile section */
		5C12FE981F0B831E0022DE51 /* main.m in Sources */ = {isa = PBXBuildFile; fileRef = 5C12FE971F0B831E0022DE51 /* main.m */; };
		5C12FE9B1F0B831E0022DE51 /* AppDelegate.m in Sources */ = {isa = PBXBuildFile; fileRef = 5C12FE9A1F0B831E0022DE51 /* AppDelegate.m */; };
		5C12FE9E1F0B831E0022DE51 /* ViewController.m in Sources */ = {isa = PBXBuildFile; fileRef = 5C12FE9D1F0B831E0022DE51 /* ViewController.m */; };
		5C12FEA11F0B831E0022DE51 /* Main.storyboard in Resources */ = {isa = PBXBuildFile; fileRef = 5C12FE9F1F0B831E0022DE51 /* Main.storyboard */; };
		5C12FEA31F0B831E0022DE51 /* Assets.xcassets in Resources */ = {isa = PBXBuildFile; fileRef = 5C12FEA21F0B831E0022DE51 /* Assets.xcassets */; };
		5C12FEA61F0B831E0022DE51 /* LaunchScreen.storyboard in Resources */ = {isa = PBXBuildFile; fileRef = 5C12FEA41F0B831E0022DE51 /* LaunchScreen.storyboard */; };
		5CA689CA1F0DCDA400C55344 /* ProgressLine.m in Sources */ = {isa = PBXBuildFile; fileRef = 5CA689C91F0DCDA400C55344 /* ProgressLine.m */; };
/* End PBXBuildFile section */

/* Begin PBXFileReference section */
		5C12FE931F0B831E0022DE51 /* HJ_Slider.app */ = {isa = PBXFileReference; explicitFileType = wrapper.application; includeInIndex = 0; path = HJ_Slider.app; sourceTree = BUILT_PRODUCTS_DIR; };
		5C12FE971F0B831E0022DE51 /* main.m */ = {isa = PBXFileReference; lastKnownFileType = sourcecode.c.objc; path = main.m; sourceTree = "<group>"; };
		5C12FE991F0B831E0022DE51 /* AppDelegate.h */ = {isa = PBXFileReference; lastKnownFileType = sourcecode.c.h; path = AppDelegate.h; sourceTree = "<group>"; };
		5C12FE9A1F0B831E0022DE51 /* AppDelegate.m */ = {isa = PBXFileReference; lastKnownFileType = sourcecode.c.objc; path = AppDelegate.m; sourceTree = "<group>"; };
		5C12FE9C1F0B831E0022DE51 /* ViewController.h */ = {isa = PBXFileReference; lastKnownFileType = sourcecode.c.h; path = ViewController.h; sourceTree = "<group>"; };
		5C12FE9D1F0B831E0022DE51 /* ViewController.m */ = {isa = PBXFileReference; lastKnownFileType = sourcecode.c.objc; path = ViewController.m; sourceTree = "<group>"; };
		5C12FEA01F0B831E0022DE51 /* Base */ = {isa = PBXFileReference; lastKnownFileType = file.storyboard; name = Base; path = Base.lproj/Main.storyboard; sourceTree = "<group>"; };
		5C12FEA21F0B831E0022DE51 /* Assets.xcassets */ = {isa = PBXFileReference; lastKnownFileType = folder.assetcatalog; path = Assets.xcassets; sourceTree = "<group>"; };
		5C12FEA51F0B831E0022DE51 /* Base */ = {isa = PBXFileReference; lastKnownFileType = file.storyboard; name = Base; path = Base.lproj/LaunchScreen.storyboard; sourceTree = "<group>"; };
		5C12FEA71F0B831E0022DE51 /* Info.plist */ = {isa = PBXFileReference; lastKnownFileType = text.plist.xml; path = Info.plist; sourceTree = "<group>"; };
		5CA689C81F0DCDA400C55344 /* ProgressLine.h */ = {isa = PBXFileReference; fileEncoding = 4; lastKnownFileType = sourcecode.c.h; path = ProgressLine.h; sourceTree = "<group>"; };
		5CA689C91F0DCDA400C55344 /* ProgressLine.m */ = {isa = PBXFileReference; fileEncoding = 4; lastKnownFileType = sourcecode.c.objc; path = ProgressLine.m; sourceTree = "<group>"; };
/* End PBXFileReference section */

/* Begin PBXFrameworksBuildPhase section */
		5C12FE901F0B831E0022DE51 /* Frameworks */ = {
			isa = PBXFrameworksBuildPhase;
			buildActionMask = 2147483647;
			files = (
			);
			runOnlyForDeploymentPostprocessing = 0;
		};
/* End PBXFrameworksBuildPhase section */

/* Begin PBXGroup section */
		5C12FE8A1F0B831E0022DE51 = {
			isa = PBXGroup;
			children = (
				5C12FE951F0B831E0022DE51 /* HJ_Slider */,
				5C12FE941F0B831E0022DE51 /* Products */,
			);
			sourceTree = "<group>";
		};
		5C12FE941F0B831E0022DE51 /* Products */ = {
			isa = PBXGroup;
			children = (
				5C12FE931F0B831E0022DE51 /* HJ_Slider.app */,
			);
			name = Products;
			sourceTree = "<group>";
		};
		5C12FE951F0B831E0022DE51 /* HJ_Slider */ = {
			isa = PBXGroup;
			children = (
				5C12FEAD1F0B83350022DE51 /* SliderView */,
				5C12FE991F0B831E0022DE51 /* AppDelegate.h */,
				5C12FE9A1F0B831E0022DE51 /* AppDelegate.m */,
				5C12FE9C1F0B831E0022DE51 /* ViewController.h */,
				5C12FE9D1F0B831E0022DE51 /* ViewController.m */,
				5C12FE9F1F0B831E0022DE51 /* Main.storyboard */,
				5C12FEA21F0B831E0022DE51 /* Assets.xcassets */,
				5C12FEA41F0B831E0022DE51 /* LaunchScreen.storyboard */,
				5C12FEA71F0B831E0022DE51 /* Info.plist */,
				5C12FE961F0B831E0022DE51 /* Supporting Files */,
			);
			path = HJ_Slider;
			sourceTree = "<group>";
		};
		5C12FE961F0B831E0022DE51 /* Supporting Files */ = {
			isa = PBXGroup;
			children = (
				5C12FE971F0B831E0022DE51 /* main.m */,
			);
			name = "Supporting Files";
			sourceTree = "<group>";
		};
		5C12FEAD1F0B83350022DE51 /* SliderView */ = {
			isa = PBXGroup;
			children = (
				5CA689C81F0DCDA400C55344 /* ProgressLine.h */,
				5CA689C91F0DCDA400C55344 /* ProgressLine.m */,
			);
			path = SliderView;
			sourceTree = "<group>";
		};
/* End PBXGroup section */

/* Begin PBXNativeTarget section */
		5C12FE921F0B831E0022DE51 /* HJ_Slider */ = {
			isa = PBXNativeTarget;
			buildConfigurationList = 5C12FEAA1F0B831E0022DE51 /* Build configuration list for PBXNativeTarget "HJ_Slider" */;
			buildPhases = (
				5C12FE8F1F0B831E0022DE51 /* Sources */,
				5C12FE901F0B831E0022DE51 /* Frameworks */,
				5C12FE911F0B831E0022DE51 /* Resources */,
			);
			buildRules = (
			);
			dependencies = (
			);
			name = HJ_Slider;
			productName = HJ_Slider;
			productReference = 5C12FE931F0B831E0022DE51 /* HJ_Slider.app */;
			productType = "com.apple.product-type.application";
		};
/* End PBXNativeTarget section */

/* Begin PBXProject section */
		5C12FE8B1F0B831E0022DE51 /* Project object */ = {
			isa = PBXProject;
			attributes = {
				LastUpgradeCheck = 0830;
				ORGANIZATIONNAME = haiJiang;
				TargetAttributes = {
					5C12FE921F0B831E0022DE51 = {
						CreatedOnToolsVersion = 8.1;
						DevelopmentTeam = RG5N2563HN;
						ProvisioningStyle = Automatic;
					};
				};
			};
			buildConfigurationList = 5C12FE8E1F0B831E0022DE51 /* Build configuration list for PBXProject "HJ_Slider" */;
			compatibilityVersion = "Xcode 3.2";
			developmentRegion = English;
			hasScannedForEncodings = 0;
			knownRegions = (
				en,
				Base,
			);
			mainGroup = 5C12FE8A1F0B831E0022DE51;
			productRefGroup = 5C12FE941F0B831E0022DE51 /* Products */;
			projectDirPath = "";
			projectRoot = "";
			targets = (
				5C12FE921F0B831E0022DE51 /* HJ_Slider */,
			);
		};
/* End PBXProject section */

/* Begin PBXResourcesBuildPhase section */
		5C12FE911F0B831E0022DE51 /* Resources */ = {
			isa = PBXResourcesBuildPhase;
			buildActionMask = 2147483647;
			files = (
				5C12FEA61F0B831E0022DE51 /* LaunchScreen.storyboard in Resources */,
				5C12FEA31F0B831E0022DE51 /* Assets.xcassets in Resources */,
				5C12FEA11F0B831E0022DE51 /* Main.storyboard in Resources */,
			);
			runOnlyForDeploymentPostprocessing = 0;
		};
/* End PBXResourcesBuildPhase section */

/* Begin PBXSourcesBuildPhase section */
		5C12FE8F1F0B831E0022DE51 /* Sources */ = {
			isa = PBXSourcesBuildPhase;
			buildActionMask = 2147483647;
			files = (
				5C12FE9E1F0B831E0022DE51 /* ViewController.m in Sources */,
				5C12FE9B1F0B831E0022DE51 /* AppDelegate.m in Sources */,
				5CA689CA1F0DCDA400C55344 /* ProgressLine.m in Sources */,
				5C12FE981F0B831E0022DE51 /* main.m in Sources */,
			);
			runOnlyForDeploymentPostprocessing = 0;
		};
/* End PBXSourcesBuildPhase section */

/* Begin PBXVariantGroup section */
		5C12FE9F1F0B831E0022DE51 /* Main.storyboard */ = {
			isa = PBXVariantGroup;
			children = (
				5C12FEA01F0B831E0022DE51 /* Base */,
			);
			name = Main.storyboard;
			sourceTree = "<group>";
		};
		5C12FEA41F0B831E0022DE51 /* LaunchScreen.storyboard */ = {
			isa = PBXVariantGroup;
			children = (
				5C12FEA51F0B831E0022DE51 /* Base */,
			);
			name = LaunchScreen.storyboard;
			sourceTree = "<group>";
		};
/* End PBXVariantGroup section */

/* Begin XCBuildConfiguration section */
		5C12FEA81F0B831E0022DE51 /* Debug */ = {
			isa = XCBuildConfiguration;
			buildSettings = {
				ALWAYS_SEARCH_USER_PATHS = NO;
				CLANG_ANALYZER_NONNULL = YES;
				CLANG_CXX_LANGUAGE_STANDARD = "gnu++0x";
				CLANG_CXX_LIBRARY = "libc++";
				CLANG_ENABLE_MODULES = YES;
				CLANG_ENABLE_OBJC_ARC = YES;
				CLANG_WARN_BOOL_CONVERSION = YES;
				CLANG_WARN_CONSTANT_CONVERSION = YES;
				CLANG_WARN_DIRECT_OBJC_ISA_USAGE = YES_ERROR;
				CLANG_WARN_DOCUMENTATION_COMMENTS = YES;
				CLANG_WARN_EMPTY_BODY = YES;
				CLANG_WARN_ENUM_CONVERSION = YES;
				CLANG_WARN_INFINITE_RECURSION = YES;
				CLANG_WARN_INT_CONVERSION = YES;
				CLANG_WARN_OBJC_ROOT_CLASS = YES_ERROR;
				CLANG_WARN_SUSPICIOUS_MOVE = YES;
				CLANG_WARN_SUSPICIOUS_MOVES = YES;
				CLANG_WARN_UNREACHABLE_CODE = YES;
				CLANG_WARN__DUPLICATE_METHOD_MATCH = YES;
				"CODE_SIGN_IDENTITY[sdk=iphoneos*]" = "iPhone Developer";
				COPY_PHASE_STRIP = NO;
				DEBUG_INFORMATION_FORMAT = dwarf;
				ENABLE_STRICT_OBJC_MSGSEND = YES;
				ENABLE_TESTABILITY = YES;
				GCC_C_LANGUAGE_STANDARD = gnu99;
				GCC_DYNAMIC_NO_PIC = NO;
				GCC_NO_COMMON_BLOCKS = YES;
				GCC_OPTIMIZATION_LEVEL = 0;
				GCC_PREPROCESSOR_DEFINITIONS = (
					"DEBUG=1",
					"$(inherited)",
				);
				GCC_WARN_64_TO_32_BIT_CONVERSION = YES;
				GCC_WARN_ABOUT_RETURN_TYPE = YES_ERROR;
				GCC_WARN_UNDECLARED_SELECTOR = YES;
				GCC_WARN_UNINITIALIZED_AUTOS = YES_AGGRESSIVE;
				GCC_WARN_UNUSED_FUNCTION = YES;
				GCC_WARN_UNUSED_VARIABLE = YES;
				IPHONEOS_DEPLOYMENT_TARGET = 9.0;
				MTL_ENABLE_DEBUG_INFO = YES;
				ONLY_ACTIVE_ARCH = YES;
				SDKROOT = iphoneos;
			};
			name = Debug;
		};
		5C12FEA91F0B831E0022DE51 /* Release */ = {
			isa = XCBuildConfiguration;
			buildSettings = {
				ALWAYS_SEARCH_USER_PATHS = NO;
				CLANG_ANALYZER_NONNULL = YES;
				CLANG_CXX_LANGUAGE_STANDARD = "gnu++0x";
				CLANG_CXX_LIBRARY = "libc++";
				CLANG_ENABLE_MODULES = YES;
				CLANG_ENABLE_OBJC_ARC = YES;
				CLANG_WARN_BOOL_CONVERSION = YES;
				CLANG_WARN_CONSTANT_CONVERSION = YES;
				CLANG_WARN_DIRECT_OBJC_ISA_USAGE = YES_ERROR;
				CLANG_WARN_DOCUMENTATION_COMMENTS = YES;
				CLANG_WARN_EMPTY_BODY = YES;
				CLANG_WARN_ENUM_CONVERSION = YES;
				CLANG_WARN_INFINITE_RECURSION = YES;
				CLANG_WARN_INT_CONVERSION = YES;
				CLANG_WARN_OBJC_ROOT_CLASS = YES_ERROR;
				CLANG_WARN_SUSPICIOUS_MOVE = YES;
				CLANG_WARN_SUSPICIOUS_MOVES = YES;
				CLANG_WARN_UNREACHABLE_CODE = YES;
				CLANG_WARN__DUPLICATE_METHOD_MATCH = YES;
				"CODE_SIGN_IDENTITY[sdk=iphoneos*]" = "iPhone Developer";
				COPY_PHASE_STRIP = NO;
				DEBUG_INFORMATION_FORMAT = "dwarf-with-dsym";
				ENABLE_NS_ASSERTIONS = NO;
				ENABLE_STRICT_OBJC_MSGSEND = YES;
				GCC_C_LANGUAGE_STANDARD = gnu99;
				GCC_NO_COMMON_BLOCKS = YES;
				GCC_WARN_64_TO_32_BIT_CONVERSION = YES;
				GCC_WARN_ABOUT_RETURN_TYPE = YES_ERROR;
				GCC_WARN_UNDECLARED_SELECTOR = YES;
				GCC_WARN_UNINITIALIZED_AUTOS = YES_AGGRESSIVE;
				GCC_WARN_UNUSED_FUNCTION = YES;
				GCC_WARN_UNUSED_VARIABLE = YES;
				IPHONEOS_DEPLOYMENT_TARGET = 9.0;
				MTL_ENABLE_DEBUG_INFO = NO;
				SDKROOT = iphoneos;
				VALIDATE_PRODUCT = YES;
			};
			name = Release;
		};
		5C12FEAB1F0B831E0022DE51 /* Debug */ = {
			isa = XCBuildConfiguration;
			buildSettings = {
				ASSETCATALOG_COMPILER_APPICON_NAME = AppIcon;
				DEVELOPMENT_TEAM = RG5N2563HN;
				INFOPLIST_FILE = HJ_Slider/Info.plist;
				IPHONEOS_DEPLOYMENT_TARGET = 9.0;
				LD_RUNPATH_SEARCH_PATHS = "$(inherited) @executable_path/Frameworks";
				PRODUCT_BUNDLE_IDENTIFIER = "com.haiJiang.HJ-Slider";
				PRODUCT_NAME = "$(TARGET_NAME)";
			};
			name = Debug;
		};
		5C12FEAC1F0B831E0022DE51 /* Release */ = {
			isa = XCBuildConfiguration;
			buildSettings = {
				ASSETCATALOG_COMPILER_APPICON_NAME = AppIcon;
				DEVELOPMENT_TEAM = RG5N2563HN;
				INFOPLIST_FILE = HJ_Slider/Info.plist;
				IPHONEOS_DEPLOYMENT_TARGET = 9.0;
				LD_RUNPATH_SEARCH_PATHS = "$(inherited) @executable_path/Frameworks";
				PRODUCT_BUNDLE_IDENTIFIER = "com.haiJiang.HJ-Slider";
				PRODUCT_NAME = "$(TARGET_NAME)";
			};
			name = Release;
		};
/* End XCBuildConfiguration section */

/* Begin XCConfigurationList section */
		5C12FE8E1F0B831E0022DE51 /* Build configuration list for PBXProject "HJ_Slider" */ = {
			isa = XCConfigurationList;
			buildConfigurations = (
				5C12FEA81F0B831E0022DE51 /* Debug */,
				5C12FEA91F0B831E0022DE51 /* Release */,
			);
			defaultConfigurationIsVisible = 0;
			defaultConfigurationName = Release;
		};
		5C12FEAA1F0B831E0022DE51 /* Build configuration list for PBXNativeTarget "HJ_Slider" */ = {
			isa = XCConfigurationList;
			buildConfigurations = (
				5C12FEAB1F0B831E0022DE51 /* Debug */,
				5C12FEAC1F0B831E0022DE51 /* Release */,
			);
			defaultConfigurationIsVisible = 0;
			defaultConfigurationName = Release;
		};
/* End XCConfigurationList section */
	};
	rootObject = 5C12FE8B1F0B831E0022DE51 /* Project object */;
}
